{
  "name": "NativebaseKitchenSink",
  "version": "2.5.1",
  "lockfileVersion": 1,
  "requires": true,
  "dependencies": {
    "react-native-app-link": {
      "version": "0.4.1",
      "resolved": "https://registry.npmjs.org/react-native-app-link/-/react-native-app-link-0.4.1.tgz",
      "integrity": "sha512-uUgR0RPhXri97Pj4FhajzSb3A4VyYz4c1CbLKZa/KnNHjUqXF+BgaLlGSKfcjcG6yHkPZYXOQTSxeBALpkNwvQ=="
    },
    "react-native-camera": {
      "version": "0.6.0",
      "resolved": "https://registry.npmjs.org/react-native-camera/-/react-native-camera-0.6.0.tgz",
      "integrity": "sha1-3Sdgt4V9Zgdhx48tpXW0lP3I3LU="
    }
  }
}
